// !$*UTF8*$!
{
	archiveVersion = 1;
	classes = {
	};
	objectVersion = 50;
	objects = {

/* Begin PBXBuildFile section */
		C745F0562099943B007F014E /* AppDelegate.swift in Sources */ = {isa = PBXBuildFile; fileRef = C745F0552099943B007F014E /* AppDelegate.swift */; };
		C745F0582099943B007F014E /* ViewController.swift in Sources */ = {isa = PBXBuildFile; fileRef = C745F0572099943B007F014E /* ViewController.swift */; };
		C745F05B2099943B007F014E /* Main.storyboard in Resources */ = {isa = PBXBuildFile; fileRef = C745F0592099943B007F014E /* Main.storyboard */; };
		C745F05D2099943D007F014E /* Assets.xcassets in Resources */ = {isa = PBXBuildFile; fileRef = C745F05C2099943D007F014E /* Assets.xcassets */; };
		C745F0602099943D007F014E /* LaunchScreen.storyboard in Resources */ = {isa = PBXBuildFile; fileRef = C745F05E2099943D007F014E /* LaunchScreen.storyboard */; };
		C745F0682099967A007F014E /* LoaderTableViewCell.swift in Sources */ = {isa = PBXBuildFile; fileRef = C745F0672099967A007F014E /* LoaderTableViewCell.swift */; };
		C745F06A20999A94007F014E /* Loader.swift in Sources */ = {isa = PBXBuildFile; fileRef = C745F06920999A94007F014E /* Loader.swift */; };
/* End PBXBuildFile section */

/* Begin PBXFileReference section */
		C745F0522099943B007F014E /* ContentPlaceholderLoader.app */ = {isa = PBXFileReference; explicitFileType = wrapper.application; includeInIndex = 0; path = ContentPlaceholderLoader.app; sourceTree = BUILT_PRODUCTS_DIR; };
		C745F0552099943B007F014E /* AppDelegate.swift */ = {isa = PBXFileReference; lastKnownFileType = sourcecode.swift; path = AppDelegate.swift; sourceTree = "<group>"; };
		C745F0572099943B007F014E /* ViewController.swift */ = {isa = PBXFileReference; lastKnownFileType = sourcecode.swift; path = ViewController.swift; sourceTree = "<group>"; };
		C745F05A2099943B007F014E /* Base */ = {isa = PBXFileReference; lastKnownFileType = file.storyboard; name = Base; path = Base.lproj/Main.storyboard; sourceTree = "<group>"; };
		C745F05C2099943D007F014E /* Assets.xcassets */ = {isa = PBXFileReference; lastKnownFileType = folder.assetcatalog; path = Assets.xcassets; sourceTree = "<group>"; };
		C745F05F2099943D007F014E /* Base */ = {isa = PBXFileReference; lastKnownFileType = file.storyboard; name = Base; path = Base.lproj/LaunchScreen.storyboard; sourceTree = "<group>"; };
		C745F0612099943D007F014E /* Info.plist */ = {isa = PBXFileReference; lastKnownFileType = text.plist.xml; path = Info.plist; sourceTree = "<group>"; };
		C745F0672099967A007F014E /* LoaderTableViewCell.swift */ = {isa = PBXFileReference; lastKnownFileType = sourcecode.swift; path = LoaderTableViewCell.swift; sourceTree = "<group>"; };
		C745F06920999A94007F014E /* Loader.swift */ = {isa = PBXFileReference; fileEncoding = 4; lastKnownFileType = sourcecode.swift; path = Loader.swift; sourceTree = "<group>"; };
/* End PBXFileReference section */

/* Begin PBXFrameworksBuildPhase section */
		C745F04F2099943B007F014E /* Frameworks */ = {
			isa = PBXFrameworksBuildPhase;
			buildActionMask = 2147483647;
			files = (
			);
			runOnlyForDeploymentPostprocessing = 0;
		};
/* End PBXFrameworksBuildPhase section */

/* Begin PBXGroup section */
		C745F0492099943B007F014E = {
			isa = PBXGroup;
			children = (
				C745F0542099943B007F014E /* ContentPlaceholderLoader */,
				C745F0532099943B007F014E /* Products */,
			);
			sourceTree = "<group>";
		};
		C745F0532099943B007F014E /* Products */ = {
			isa = PBXGroup;
			children = (
				C745F0522099943B007F014E /* ContentPlaceholderLoader.app */,
			);
			name = Products;
			sourceTree = "<group>";
		};
		C745F0542099943B007F014E /* ContentPlaceholderLoader */ = {
			isa = PBXGroup;
			children = (
				C745F0552099943B007F014E /* AppDelegate.swift */,
				C745F06920999A94007F014E /* Loader.swift */,
				C745F0672099967A007F014E /* LoaderTableViewCell.swift */,
				C745F0572099943B007F014E /* ViewController.swift */,
				C745F0592099943B007F014E /* Main.storyboard */,
				C745F05C2099943D007F014E /* Assets.xcassets */,
				C745F05E2099943D007F014E /* LaunchScreen.storyboard */,
				C745F0612099943D007F014E /* Info.plist */,
			);
			path = ContentPlaceholderLoader;
			sourceTree = "<group>";
		};
/* End PBXGroup section */

/* Begin PBXNativeTarget section */
		C745F0512099943B007F014E /* ContentPlaceholderLoader */ = {
			isa = PBXNativeTarget;
			buildConfigurationList = C745F0642099943D007F014E /* Build configuration list for PBXNativeTarget "ContentPlaceholderLoader" */;
			buildPhases = (
				C745F04E2099943B007F014E /* Sources */,
				C745F04F2099943B007F014E /* Frameworks */,
				C745F0502099943B007F014E /* Resources */,
			);
			buildRules = (
			);
			dependencies = (
			);
			name = ContentPlaceholderLoader;
			productName = ContentPlaceholderLoader;
			productReference = C745F0522099943B007F014E /* ContentPlaceholderLoader.app */;
			productType = "com.apple.product-type.application";
		};
/* End PBXNativeTarget section */

/* Begin PBXProject section */
		C745F04A2099943B007F014E /* Project object */ = {
			isa = PBXProject;
			attributes = {
				LastSwiftUpdateCheck = 0930;
				LastUpgradeCheck = 0930;
				ORGANIZATIONNAME = "Sufalam 4";
				TargetAttributes = {
					C745F0512099943B007F014E = {
						CreatedOnToolsVersion = 9.3;
					};
				};
			};
			buildConfigurationList = C745F04D2099943B007F014E /* Build configuration list for PBXProject "ContentPlaceholderLoader" */;
			compatibilityVersion = "Xcode 9.3";
			developmentRegion = en;
			hasScannedForEncodings = 0;
			knownRegions = (
				en,
				Base,
			);
			mainGroup = C745F0492099943B007F014E;
			productRefGroup = C745F0532099943B007F014E /* Products */;
			projectDirPath = "";
			projectRoot = "";
			targets = (
				C745F0512099943B007F014E /* ContentPlaceholderLoader */,
			);
		};
/* End PBXProject section */

/* Begin PBXResourcesBuildPhase section */
		C745F0502099943B007F014E /* Resources */ = {
			isa = PBXResourcesBuildPhase;
			buildActionMask = 2147483647;
			files = (
				C745F0602099943D007F014E /* LaunchScreen.storyboard in Resources */,
				C745F05D2099943D007F014E /* Assets.xcassets in Resources */,
				C745F05B2099943B007F014E /* Main.storyboard in Resources */,
			);
			runOnlyForDeploymentPostprocessing = 0;
		};
/* End PBXResourcesBuildPhase section */

/* Begin PBXSourcesBuildPhase section */
		C745F04E2099943B007F014E /* Sources */ = {
			isa = PBXSourcesBuildPhase;
			buildActionMask = 2147483647;
			files = (
				C745F0682099967A007F014E /* LoaderTableViewCell.swift in Sources */,
				C745F0582099943B007F014E /* ViewController.swift in Sources */,
				C745F06A20999A94007F014E /* Loader.swift in Sources */,
				C745F0562099943B007F014E /* AppDelegate.swift in Sources */,
			);
			runOnlyForDeploymentPostprocessing = 0;
		};
/* End PBXSourcesBuildPhase section */

/* Begin PBXVariantGroup section */
		C745F0592099943B007F014E /* Main.storyboard */ = {
			isa = PBXVariantGroup;
			children = (
				C745F05A2099943B007F014E /* Base */,
			);
			name = Main.storyboard;
			sourceTree = "<group>";
		};
		C745F05E2099943D007F014E /* LaunchScreen.storyboard */ = {
			isa = PBXVariantGroup;
			children = (
				C745F05F2099943D007F014E /* Base */,
			);
			name = LaunchScreen.storyboard;
			sourceTree = "<group>";
		};
/* End PBXVariantGroup section */

/* Begin XCBuildConfiguration section */
		C745F0622099943D007F014E /* Debug */ = {
			isa = XCBuildConfiguration;
			buildSettings = {
				ALWAYS_SEARCH_USER_PATHS = NO;
				CLANG_ANALYZER_NONNULL = YES;
				CLANG_ANALYZER_NUMBER_OBJECT_CONVERSION = YES_AGGRESSIVE;
				CLANG_CXX_LANGUAGE_STANDARD = "gnu++14";
				CLANG_CXX_LIBRARY = "libc++";
				CLANG_ENABLE_MODULES = YES;
				CLANG_ENABLE_OBJC_ARC = YES;
				CLANG_ENABLE_OBJC_WEAK = YES;
				CLANG_WARN_BLOCK_CAPTURE_AUTORELEASING = YES;
				CLANG_WARN_BOOL_CONVERSION = YES;
				CLANG_WARN_COMMA = YES;
				CLANG_WARN_CONSTANT_CONVERSION = YES;
				CLANG_WARN_DEPRECATED_OBJC_IMPLEMENTATIONS = YES;
				CLANG_WARN_DIRECT_OBJC_ISA_USAGE = YES_ERROR;
				CLANG_WARN_DOCUMENTATION_COMMENTS = YES;
				CLANG_WARN_EMPTY_BODY = YES;
				CLANG_WARN_ENUM_CONVERSION = YES;
				CLANG_WARN_INFINITE_RECURSION = YES;
				CLANG_WARN_INT_CONVERSION = YES;
				CLANG_WARN_NON_LITERAL_NULL_CONVERSION = YES;
				CLANG_WARN_OBJC_IMPLICIT_RETAIN_SELF = YES;
				CLANG_WARN_OBJC_LITERAL_CONVERSION = YES;
				CLANG_WARN_OBJC_ROOT_CLASS = YES_ERROR;
				CLANG_WARN_RANGE_LOOP_ANALYSIS = YES;
				CLANG_WARN_STRICT_PROTOTYPES = YES;
				CLANG_WARN_SUSPICIOUS_MOVE = YES;
				CLANG_WARN_UNGUARDED_AVAILABILITY = YES_AGGRESSIVE;
				CLANG_WARN_UNREACHABLE_CODE = YES;
				CLANG_WARN__DUPLICATE_METHOD_MATCH = YES;
				CODE_SIGN_IDENTITY = "iPhone Developer";
				COPY_PHASE_STRIP = NO;
				DEBUG_INFORMATION_FORMAT = dwarf;
				ENABLE_STRICT_OBJC_MSGSEND = YES;
				ENABLE_TESTABILITY = YES;
				GCC_C_LANGUAGE_STANDARD = gnu11;
				GCC_DYNAMIC_NO_PIC = NO;
				GCC_NO_COMMON_BLOCKS = YES;
				GCC_OPTIMIZATION_LEVEL = 0;
				GCC_PREPROCESSOR_DEFINITIONS = (
					"DEBUG=1",
					"$(inherited)",
				);
				GCC_WARN_64_TO_32_BIT_CONVERSION = YES;
				GCC_WARN_ABOUT_RETURN_TYPE = YES_ERROR;
				GCC_WARN_UNDECLARED_SELECTOR = YES;
				GCC_WARN_UNINITIALIZED_AUTOS = YES_AGGRESSIVE;
				GCC_WARN_UNUSED_FUNCTION = YES;
				GCC_WARN_UNUSED_VARIABLE = YES;
				IPHONEOS_DEPLOYMENT_TARGET = 11.3;
				MTL_ENABLE_DEBUG_INFO = YES;
				ONLY_ACTIVE_ARCH = YES;
				SDKROOT = iphoneos;
				SWIFT_ACTIVE_COMPILATION_CONDITIONS = DEBUG;
				SWIFT_OPTIMIZATION_LEVEL = "-Onone";
			};
			name = Debug;
		};
		C745F0632099943D007F014E /* Release */ = {
			isa = XCBuildConfiguration;
			buildSettings = {
				ALWAYS_SEARCH_USER_PATHS = NO;
				CLANG_ANALYZER_NONNULL = YES;
				CLANG_ANALYZER_NUMBER_OBJECT_CONVERSION = YES_AGGRESSIVE;
				CLANG_CXX_LANGUAGE_STANDARD = "gnu++14";
				CLANG_CXX_LIBRARY = "libc++";
				CLANG_ENABLE_MODULES = YES;
				CLANG_ENABLE_OBJC_ARC = YES;
				CLANG_ENABLE_OBJC_WEAK = YES;
				CLANG_WARN_BLOCK_CAPTURE_AUTORELEASING = YES;
				CLANG_WARN_BOOL_CONVERSION = YES;
				CLANG_WARN_COMMA = YES;
				CLANG_WARN_CONSTANT_CONVERSION = YES;
				CLANG_WARN_DEPRECATED_OBJC_IMPLEMENTATIONS = YES;
				CLANG_WARN_DIRECT_OBJC_ISA_USAGE = YES_ERROR;
				CLANG_WARN_DOCUMENTATION_COMMENTS = YES;
				CLANG_WARN_EMPTY_BODY = YES;
				CLANG_WARN_ENUM_CONVERSION = YES;
				CLANG_WARN_INFINITE_RECURSION = YES;
				CLANG_WARN_INT_CONVERSION = YES;
				CLANG_WARN_NON_LITERAL_NULL_CONVERSION = YES;
				CLANG_WARN_OBJC_IMPLICIT_RETAIN_SELF = YES;
				CLANG_WARN_OBJC_LITERAL_CONVERSION = YES;
				CLANG_WARN_OBJC_ROOT_CLASS = YES_ERROR;
				CLANG_WARN_RANGE_LOOP_ANALYSIS = YES;
				CLANG_WARN_STRICT_PROTOTYPES = YES;
				CLANG_WARN_SUSPICIOUS_MOVE = YES;
				CLANG_WARN_UNGUARDED_AVAILABILITY = YES_AGGRESSIVE;
				CLANG_WARN_UNREACHABLE_CODE = YES;
				CLANG_WARN__DUPLICATE_METHOD_MATCH = YES;
				CODE_SIGN_IDENTITY = "iPhone Developer";
				COPY_PHASE_STRIP = NO;
				DEBUG_INFORMATION_FORMAT = "dwarf-with-dsym";
				ENABLE_NS_ASSERTIONS = NO;
				ENABLE_STRICT_OBJC_MSGSEND = YES;
				GCC_C_LANGUAGE_STANDARD = gnu11;
				GCC_NO_COMMON_BLOCKS = YES;
				GCC_WARN_64_TO_32_BIT_CONVERSION = YES;
				GCC_WARN_ABOUT_RETURN_TYPE = YES_ERROR;
				GCC_WARN_UNDECLARED_SELECTOR = YES;
				GCC_WARN_UNINITIALIZED_AUTOS = YES_AGGRESSIVE;
				GCC_WARN_UNUSED_FUNCTION = YES;
				GCC_WARN_UNUSED_VARIABLE = YES;
				IPHONEOS_DEPLOYMENT_TARGET = 11.3;
				MTL_ENABLE_DEBUG_INFO = NO;
				SDKROOT = iphoneos;
				SWIFT_COMPILATION_MODE = wholemodule;
				SWIFT_OPTIMIZATION_LEVEL = "-O";
				VALIDATE_PRODUCT = YES;
			};
			name = Release;
		};
		C745F0652099943D007F014E /* Debug */ = {
			isa = XCBuildConfiguration;
			buildSettings = {
				ASSETCATALOG_COMPILER_APPICON_NAME = AppIcon;
				CODE_SIGN_STYLE = Automatic;
				DEVELOPMENT_TEAM = 4D7WM9KH8K;
				INFOPLIST_FILE = ContentPlaceholderLoader/Info.plist;
				LD_RUNPATH_SEARCH_PATHS = (
					"$(inherited)",
					"@executable_path/Frameworks",
				);
				PRODUCT_BUNDLE_IDENTIFIER = com.ContentPlaceholderLoader;
				PRODUCT_NAME = "$(TARGET_NAME)";
				SWIFT_VERSION = 4.0;
				TARGETED_DEVICE_FAMILY = "1,2";
			};
			name = Debug;
		};
		C745F0662099943D007F014E /* Release */ = {
			isa = XCBuildConfiguration;
			buildSettings = {
				ASSETCATALOG_COMPILER_APPICON_NAME = AppIcon;
				CODE_SIGN_STYLE = Automatic;
				DEVELOPMENT_TEAM = 4D7WM9KH8K;
				INFOPLIST_FILE = ContentPlaceholderLoader/Info.plist;
				LD_RUNPATH_SEARCH_PATHS = (
					"$(inherited)",
					"@executable_path/Frameworks",
				);
				PRODUCT_BUNDLE_IDENTIFIER = com.ContentPlaceholderLoader;
				PRODUCT_NAME = "$(TARGET_NAME)";
				SWIFT_VERSION = 4.0;
				TARGETED_DEVICE_FAMILY = "1,2";
			};
			name = Release;
		};
/* End XCBuildConfiguration section */

/* Begin XCConfigurationList section */
		C745F04D2099943B007F014E /* Build configuration list for PBXProject "ContentPlaceholderLoader" */ = {
			isa = XCConfigurationList;
			buildConfigurations = (
				C745F0622099943D007F014E /* Debug */,
				C745F0632099943D007F014E /* Release */,
			);
			defaultConfigurationIsVisible = 0;
			defaultConfigurationName = Release;
		};
		C745F0642099943D007F014E /* Build configuration list for PBXNativeTarget "ContentPlaceholderLoader" */ = {
			isa = XCConfigurationList;
			buildConfigurations = (
				C745F0652099943D007F014E /* Debug */,
				C745F0662099943D007F014E /* Release */,
			);
			defaultConfigurationIsVisible = 0;
			defaultConfigurationName = Release;
		};
/* End XCConfigurationList section */
	};
	rootObject = C745F04A2099943B007F014E /* Project object */;
}
